
Microsoft Visual Studio Solution File, Format Version 12.00
# Visual Studio Version 17
VisualStudioVersion = 17.1.32210.238
MinimumVisualStudioVersion = 10.0.40219.1
Project("{FAE04EC0-301F-11D3-BF4B-00C04F79EFBC}") = "WebApplication3", "WebApplication3\WebApplication3.csproj", "{C636D913-7BAC-4CBA-B956-22DD7A068A4F}"
EndProject
Project("{FAE04EC0-301F-11D3-BF4B-00C04F79EFBC}") = "ClassLibrary1", "ClassLibrary1\ClassLibrary1.csproj", "{86F51C04-A6B9-4E86-A32A-A21ADB11B391}"
EndProject
Global
	GlobalSection(SolutionConfigurationPlatforms) = preSolution
		Debug|Any CPU = Debug|Any CPU
		Release|Any CPU = Release|Any CPU
	EndGlobalSection
	GlobalSection(ProjectConfigurationPlatforms) = postSolution
		{C636D913-7BAC-4CBA-B956-22DD7A068A4F}.Debug|Any CPU.ActiveCfg = Debug|Any CPU
		{C636D913-7BAC-4CBA-B956-22DD7A068A4F}.Debug|Any CPU.Build.0 = Debug|Any CPU
		{C636D913-7BAC-4CBA-B956-22DD7A068A4F}.Release|Any CPU.ActiveCfg = Release|Any CPU
		{C636D913-7BAC-4CBA-B956-22DD7A068A4F}.Release|Any CPU.Build.0 = Release|Any CPU
		{86F51C04-A6B9-4E86-A32A-A21ADB11B391}.Debug|Any CPU.ActiveCfg = Debug|Any CPU
		{86F51C04-A6B9-4E86-A32A-A21ADB11B391}.Debug|Any CPU.Build.0 = Debug|Any CPU
		{86F51C04-A6B9-4E86-A32A-A21ADB11B391}.Release|Any CPU.ActiveCfg = Release|Any CPU
		{86F51C04-A6B9-4E86-A32A-A21ADB11B391}.Release|Any CPU.Build.0 = Release|Any CPU
	EndGlobalSection
	GlobalSection(SolutionProperties) = preSolution
		HideSolutionNode = FALSE
	EndGlobalSection
	GlobalSection(ExtensibilityGlobals) = postSolution
		SolutionGuid = {8BE743C2-DB30-4C4D-A9D0-C8FD9B31FBA0}
	EndGlobalSection
EndGlobal
